
Microsoft Visual Studio Solution File, Format Version 12.00
# Visual Studio Version 17
VisualStudioVersion = 17.14.36511.14
MinimumVisualStudioVersion = 10.0.40219.1
Project("{FAE04EC0-301F-11D3-BF4B-00C04F79EFBC}") = "nqhDay01", "nqhDay01\nqhDay01.csproj", "{20651AB5-DB24-452B-8147-2CB4BBE9D091}"
EndProject
Project("{FAE04EC0-301F-11D3-BF4B-00C04F79EFBC}") = "nqhDay011", "nqhDay011\nqhDay011.csproj", "{C50A0445-839A-4313-8864-C8C5BB2F619F}"
EndProject
Global
	GlobalSection(SolutionConfigurationPlatforms) = preSolution
		Debug|Any CPU = Debug|Any CPU
		Release|Any CPU = Release|Any CPU
	EndGlobalSection
	GlobalSection(ProjectConfigurationPlatforms) = postSolution
		{20651AB5-DB24-452B-8147-2CB4BBE9D091}.Debug|Any CPU.ActiveCfg = Debug|Any CPU
		{20651AB5-DB24-452B-8147-2CB4BBE9D091}.Debug|Any CPU.Build.0 = Debug|Any CPU
		{20651AB5-DB24-452B-8147-2CB4BBE9D091}.Release|Any CPU.ActiveCfg = Release|Any CPU
		{20651AB5-DB24-452B-8147-2CB4BBE9D091}.Release|Any CPU.Build.0 = Release|Any CPU
		{C50A0445-839A-4313-8864-C8C5BB2F619F}.Debug|Any CPU.ActiveCfg = Debug|Any CPU
		{C50A0445-839A-4313-8864-C8C5BB2F619F}.Debug|Any CPU.Build.0 = Debug|Any CPU
		{C50A0445-839A-4313-8864-C8C5BB2F619F}.Release|Any CPU.ActiveCfg = Release|Any CPU
		{C50A0445-839A-4313-8864-C8C5BB2F619F}.Release|Any CPU.Build.0 = Release|Any CPU
	EndGlobalSection
	GlobalSection(SolutionProperties) = preSolution
		HideSolutionNode = FALSE
	EndGlobalSection
	GlobalSection(ExtensibilityGlobals) = postSolution
		SolutionGuid = {D3834945-02BB-45AF-9069-D2F7C36E592B}
	EndGlobalSection
EndGlobal
